
Microsoft Visual Studio Solution File, Format Version 12.00
# Visual Studio Version 17
VisualStudioVersion = 17.9.34622.214
MinimumVisualStudioVersion = 10.0.40219.1
Project("{FAE04EC0-301F-11D3-BF4B-00C04F79EFBC}") = "BulkyWeb", "BulkyWeb\BulkyWeb.csproj", "{8FC182E9-4F6C-48E6-8221-EB61CAF15831}"
EndProject
Global
	GlobalSection(SolutionConfigurationPlatforms) = preSolution
		Debug|Any CPU = Debug|Any CPU
		Release|Any CPU = Release|Any CPU
	EndGlobalSection
	GlobalSection(ProjectConfigurationPlatforms) = postSolution
		{8FC182E9-4F6C-48E6-8221-EB61CAF15831}.Debug|Any CPU.ActiveCfg = Debug|Any CPU
		{8FC182E9-4F6C-48E6-8221-EB61CAF15831}.Debug|Any CPU.Build.0 = Debug|Any CPU
		{8FC182E9-4F6C-48E6-8221-EB61CAF15831}.Release|Any CPU.ActiveCfg = Release|Any CPU
		{8FC182E9-4F6C-48E6-8221-EB61CAF15831}.Release|Any CPU.Build.0 = Release|Any CPU
	EndGlobalSection
	GlobalSection(SolutionProperties) = preSolution
		HideSolutionNode = FALSE
	EndGlobalSection
	GlobalSection(ExtensibilityGlobals) = postSolution
		SolutionGuid = {BD2C1448-4CC9-43C7-BC6D-D9E7883530FD}
	EndGlobalSection
EndGlobal
